
Microsoft Visual Studio Solution File, Format Version 12.00
# Visual Studio 15
VisualStudioVersion = 15.0.28010.2036
MinimumVisualStudioVersion = 10.0.40219.1
Project("{FAE04EC0-301F-11D3-BF4B-00C04F79EFBC}") = "ASM", "ASM\ASM.csproj", "{2E5F9607-58A7-49D1-8241-305382084AEB}"
EndProject
Global
	GlobalSection(SolutionConfigurationPlatforms) = preSolution
		Debug|ARM = Debug|ARM
		Debug|x64 = Debug|x64
		Debug|x86 = Debug|x86
		Release|ARM = Release|ARM
		Release|x64 = Release|x64
		Release|x86 = Release|x86
	EndGlobalSection
	GlobalSection(ProjectConfigurationPlatforms) = postSolution
		{2E5F9607-58A7-49D1-8241-305382084AEB}.Debug|ARM.ActiveCfg = Debug|ARM
		{2E5F9607-58A7-49D1-8241-305382084AEB}.Debug|ARM.Build.0 = Debug|ARM
		{2E5F9607-58A7-49D1-8241-305382084AEB}.Debug|ARM.Deploy.0 = Debug|ARM
		{2E5F9607-58A7-49D1-8241-305382084AEB}.Debug|x64.ActiveCfg = Debug|x64
		{2E5F9607-58A7-49D1-8241-305382084AEB}.Debug|x64.Build.0 = Debug|x64
		{2E5F9607-58A7-49D1-8241-305382084AEB}.Debug|x64.Deploy.0 = Debug|x64
		{2E5F9607-58A7-49D1-8241-305382084AEB}.Debug|x86.ActiveCfg = Debug|x86
		{2E5F9607-58A7-49D1-8241-305382084AEB}.Debug|x86.Build.0 = Debug|x86
		{2E5F9607-58A7-49D1-8241-305382084AEB}.Debug|x86.Deploy.0 = Debug|x86
		{2E5F9607-58A7-49D1-8241-305382084AEB}.Release|ARM.ActiveCfg = Release|ARM
		{2E5F9607-58A7-49D1-8241-305382084AEB}.Release|ARM.Build.0 = Release|ARM
		{2E5F9607-58A7-49D1-8241-305382084AEB}.Release|ARM.Deploy.0 = Release|ARM
		{2E5F9607-58A7-49D1-8241-305382084AEB}.Release|x64.ActiveCfg = Release|x64
		{2E5F9607-58A7-49D1-8241-305382084AEB}.Release|x64.Build.0 = Release|x64
		{2E5F9607-58A7-49D1-8241-305382084AEB}.Release|x64.Deploy.0 = Release|x64
		{2E5F9607-58A7-49D1-8241-305382084AEB}.Release|x86.ActiveCfg = Release|x86
		{2E5F9607-58A7-49D1-8241-305382084AEB}.Release|x86.Build.0 = Release|x86
		{2E5F9607-58A7-49D1-8241-305382084AEB}.Release|x86.Deploy.0 = Release|x86
	EndGlobalSection
	GlobalSection(SolutionProperties) = preSolution
		HideSolutionNode = FALSE
	EndGlobalSection
	GlobalSection(ExtensibilityGlobals) = postSolution
		SolutionGuid = {ADE987FF-7CDB-48B0-8332-A581046A5C9A}
	EndGlobalSection
EndGlobal
